
Microsoft Visual Studio Solution File, Format Version 12.00
# Visual Studio Version 17
VisualStudioVersion = 17.12.35527.113
MinimumVisualStudioVersion = 10.0.40219.1
Project("{FAE04EC0-301F-11D3-BF4B-00C04F79EFBC}") = "BurnItForFuel", "Source\BurnItForFuel.csproj", "{54DE4FF0-6C41-4DF7-8EAE-278D9BAEA92B}"
EndProject
Project("{2150E333-8FDC-42A3-9474-1A3956D46DE8}") = "About", "About", "{9E063AE0-458A-4F35-8A12-1AF89583CC23}"
	ProjectSection(SolutionItems) = preProject
		About\About.xml = About\About.xml
		About\preview.png = About\preview.png
		About\PublishedFileId.txt = About\PublishedFileId.txt
	EndProjectSection
EndProject
Project("{2150E333-8FDC-42A3-9474-1A3956D46DE8}") = "Defs", "Defs", "{85220F84-E60F-4C88-B442-F315F3700E6D}"
	ProjectSection(SolutionItems) = preProject
		Defs\Things.xml = Defs\Things.xml
	EndProjectSection
EndProject
Project("{2150E333-8FDC-42A3-9474-1A3956D46DE8}") = "Patches", "Patches", "{C55FC355-7C68-4DEA-A505-3CB02E318AF1}"
	ProjectSection(SolutionItems) = preProject
		Patches\Patches.xml = Patches\Patches.xml
		Patches\Patches_ExpandedWoodworking.xml = Patches\Patches_ExpandedWoodworking.xml
		Patches\Patches_SlightlyMoreRealisticWoolProduction.xml = Patches\Patches_SlightlyMoreRealisticWoolProduction.xml
		Patches\Patches_VariousCoalMods.xml = Patches\Patches_VariousCoalMods.xml
		Patches\Patches_VegetableGarden.xml = Patches\Patches_VegetableGarden.xml
	EndProjectSection
EndProject
Project("{2150E333-8FDC-42A3-9474-1A3956D46DE8}") = "Textures", "Textures", "{E94CE708-A59A-4698-8F07-187782D9EA9B}"
	ProjectSection(SolutionItems) = preProject
		Textures\update1.png = Textures\update1.png
	EndProjectSection
EndProject
Project("{2150E333-8FDC-42A3-9474-1A3956D46DE8}") = "Languages", "Languages", "{7D359395-B8C5-4791-9350-58CF4B602665}"
EndProject
Project("{2150E333-8FDC-42A3-9474-1A3956D46DE8}") = "ChineseSimplified", "ChineseSimplified", "{8C0FC213-A06E-4DE1-BED6-BE5F62B447D2}"
EndProject
Project("{2150E333-8FDC-42A3-9474-1A3956D46DE8}") = "DefInjected", "DefInjected", "{0C9A059B-4CF9-47F9-AD3F-3A6CBDA8D530}"
EndProject
Project("{2150E333-8FDC-42A3-9474-1A3956D46DE8}") = "ThingDef", "ThingDef", "{74D339D4-7705-4422-BDC2-B5C7C1FA0283}"
	ProjectSection(SolutionItems) = preProject
		Languages\ChineseSimplified\DefInjected\ThingDef\Things.xml = Languages\ChineseSimplified\DefInjected\ThingDef\Things.xml
	EndProjectSection
EndProject
Project("{2150E333-8FDC-42A3-9474-1A3956D46DE8}") = "Keyed", "Keyed", "{9471219D-FA5F-4324-B315-F64A2D7B52F8}"
	ProjectSection(SolutionItems) = preProject
		Languages\ChineseSimplified\Keyed\BurnItForFuel_keys.xml = Languages\ChineseSimplified\Keyed\BurnItForFuel_keys.xml
	EndProjectSection
EndProject
Project("{2150E333-8FDC-42A3-9474-1A3956D46DE8}") = "ChineseTraditional", "ChineseTraditional", "{8A9753AC-E0D9-4AE4-A333-998ABEB5AED6}"
EndProject
Project("{2150E333-8FDC-42A3-9474-1A3956D46DE8}") = "DefInjected", "DefInjected", "{487E5DF4-3812-4FE9-98DE-413756E178A6}"
EndProject
Project("{2150E333-8FDC-42A3-9474-1A3956D46DE8}") = "ThingDef", "ThingDef", "{F149B4E8-8A88-42EE-AD34-8C777019FABF}"
	ProjectSection(SolutionItems) = preProject
		Languages\ChineseTraditional\DefInjected\ThingDef\Things.xml = Languages\ChineseTraditional\DefInjected\ThingDef\Things.xml
	EndProjectSection
EndProject
Project("{2150E333-8FDC-42A3-9474-1A3956D46DE8}") = "Keyed", "Keyed", "{D04B9138-8174-4A7F-9CF7-B2729CAEA24C}"
	ProjectSection(SolutionItems) = preProject
		Languages\ChineseTraditional\Keyed\BurnItForFuel_keys.xml = Languages\ChineseTraditional\Keyed\BurnItForFuel_keys.xml
	EndProjectSection
EndProject
Project("{2150E333-8FDC-42A3-9474-1A3956D46DE8}") = "English", "English", "{3D78350D-786B-47E3-AD77-2ECE49C6028A}"
EndProject
Project("{2150E333-8FDC-42A3-9474-1A3956D46DE8}") = "Keyed", "Keyed", "{56658164-E479-40C8-A105-B5D3E635D919}"
	ProjectSection(SolutionItems) = preProject
		Languages\English\Keyed\BurnItForFuel_keys.xml = Languages\English\Keyed\BurnItForFuel_keys.xml
	EndProjectSection
EndProject
Project("{2150E333-8FDC-42A3-9474-1A3956D46DE8}") = "Portuguese", "Portuguese", "{EC91C4B8-250B-473D-A2CB-E02A623BB33C}"
EndProject
Project("{2150E333-8FDC-42A3-9474-1A3956D46DE8}") = "Keyed", "Keyed", "{4D5B7A76-51A2-46A6-95B3-BA27EA8A399A}"
	ProjectSection(SolutionItems) = preProject
		Languages\Portuguese\Keyed\BurnItForFuel_keys.xml = Languages\Portuguese\Keyed\BurnItForFuel_keys.xml
	EndProjectSection
EndProject
Project("{2150E333-8FDC-42A3-9474-1A3956D46DE8}") = "PortugueseBrazilian", "PortugueseBrazilian", "{9A9F9DF4-3916-4DDF-AAA0-F52E74B82645}"
EndProject
Project("{2150E333-8FDC-42A3-9474-1A3956D46DE8}") = "Keyed", "Keyed", "{99EFD6EA-D0BB-4222-BF0F-4EF964D68A8E}"
	ProjectSection(SolutionItems) = preProject
		Languages\PortugueseBrazilian\Keyed\BurnItForFuel_keys.xml = Languages\PortugueseBrazilian\Keyed\BurnItForFuel_keys.xml
	EndProjectSection
EndProject
Project("{2150E333-8FDC-42A3-9474-1A3956D46DE8}") = "Russian", "Russian", "{A9E3DEC4-62E8-4A1D-8682-9E7F85C2A0FB}"
EndProject
Project("{2150E333-8FDC-42A3-9474-1A3956D46DE8}") = "Keyed", "Keyed", "{4D7A2007-657B-4A51-A7D3-506A348CE8BE}"
	ProjectSection(SolutionItems) = preProject
		Languages\Russian\Keyed\BurnItForFuel_keys.xml = Languages\Russian\Keyed\BurnItForFuel_keys.xml
	EndProjectSection
EndProject
Global
	GlobalSection(SolutionConfigurationPlatforms) = preSolution
		1.1|Any CPU = 1.1|Any CPU
		1.2|Any CPU = 1.2|Any CPU
		1.3|Any CPU = 1.3|Any CPU
		1.4|Any CPU = 1.4|Any CPU
		1.5|Any CPU = 1.5|Any CPU
		1.6|Any CPU = 1.6|Any CPU
		Debug|Any CPU = Debug|Any CPU
		Release|Any CPU = Release|Any CPU
	EndGlobalSection
	GlobalSection(ProjectConfigurationPlatforms) = postSolution
		{54DE4FF0-6C41-4DF7-8EAE-278D9BAEA92B}.1.1|Any CPU.ActiveCfg = 1.1|Any CPU
		{54DE4FF0-6C41-4DF7-8EAE-278D9BAEA92B}.1.1|Any CPU.Build.0 = 1.1|Any CPU
		{54DE4FF0-6C41-4DF7-8EAE-278D9BAEA92B}.1.2|Any CPU.ActiveCfg = 1.2|Any CPU
		{54DE4FF0-6C41-4DF7-8EAE-278D9BAEA92B}.1.2|Any CPU.Build.0 = 1.2|Any CPU
		{54DE4FF0-6C41-4DF7-8EAE-278D9BAEA92B}.1.3|Any CPU.ActiveCfg = 1.3|Any CPU
		{54DE4FF0-6C41-4DF7-8EAE-278D9BAEA92B}.1.3|Any CPU.Build.0 = 1.3|Any CPU
		{54DE4FF0-6C41-4DF7-8EAE-278D9BAEA92B}.1.4|Any CPU.ActiveCfg = 1.4|Any CPU
		{54DE4FF0-6C41-4DF7-8EAE-278D9BAEA92B}.1.4|Any CPU.Build.0 = 1.4|Any CPU
		{54DE4FF0-6C41-4DF7-8EAE-278D9BAEA92B}.1.5|Any CPU.ActiveCfg = 1.5|Any CPU
		{54DE4FF0-6C41-4DF7-8EAE-278D9BAEA92B}.1.5|Any CPU.Build.0 = 1.5|Any CPU
		{54DE4FF0-6C41-4DF7-8EAE-278D9BAEA92B}.1.6|Any CPU.ActiveCfg = 1.6|Any CPU
		{54DE4FF0-6C41-4DF7-8EAE-278D9BAEA92B}.1.6|Any CPU.Build.0 = 1.6|Any CPU
		{54DE4FF0-6C41-4DF7-8EAE-278D9BAEA92B}.Debug|Any CPU.ActiveCfg = Debug|Any CPU
		{54DE4FF0-6C41-4DF7-8EAE-278D9BAEA92B}.Debug|Any CPU.Build.0 = Debug|Any CPU
		{54DE4FF0-6C41-4DF7-8EAE-278D9BAEA92B}.Release|Any CPU.ActiveCfg = Release|Any CPU
		{54DE4FF0-6C41-4DF7-8EAE-278D9BAEA92B}.Release|Any CPU.Build.0 = Release|Any CPU
	EndGlobalSection
	GlobalSection(SolutionProperties) = preSolution
		HideSolutionNode = FALSE
	EndGlobalSection
	GlobalSection(NestedProjects) = preSolution
		{8C0FC213-A06E-4DE1-BED6-BE5F62B447D2} = {7D359395-B8C5-4791-9350-58CF4B602665}
		{0C9A059B-4CF9-47F9-AD3F-3A6CBDA8D530} = {8C0FC213-A06E-4DE1-BED6-BE5F62B447D2}
		{74D339D4-7705-4422-BDC2-B5C7C1FA0283} = {0C9A059B-4CF9-47F9-AD3F-3A6CBDA8D530}
		{9471219D-FA5F-4324-B315-F64A2D7B52F8} = {8C0FC213-A06E-4DE1-BED6-BE5F62B447D2}
		{8A9753AC-E0D9-4AE4-A333-998ABEB5AED6} = {7D359395-B8C5-4791-9350-58CF4B602665}
		{487E5DF4-3812-4FE9-98DE-413756E178A6} = {8A9753AC-E0D9-4AE4-A333-998ABEB5AED6}
		{F149B4E8-8A88-42EE-AD34-8C777019FABF} = {487E5DF4-3812-4FE9-98DE-413756E178A6}
		{D04B9138-8174-4A7F-9CF7-B2729CAEA24C} = {8A9753AC-E0D9-4AE4-A333-998ABEB5AED6}
		{3D78350D-786B-47E3-AD77-2ECE49C6028A} = {7D359395-B8C5-4791-9350-58CF4B602665}
		{56658164-E479-40C8-A105-B5D3E635D919} = {3D78350D-786B-47E3-AD77-2ECE49C6028A}
		{EC91C4B8-250B-473D-A2CB-E02A623BB33C} = {7D359395-B8C5-4791-9350-58CF4B602665}
		{4D5B7A76-51A2-46A6-95B3-BA27EA8A399A} = {EC91C4B8-250B-473D-A2CB-E02A623BB33C}
		{9A9F9DF4-3916-4DDF-AAA0-F52E74B82645} = {7D359395-B8C5-4791-9350-58CF4B602665}
		{99EFD6EA-D0BB-4222-BF0F-4EF964D68A8E} = {9A9F9DF4-3916-4DDF-AAA0-F52E74B82645}
		{A9E3DEC4-62E8-4A1D-8682-9E7F85C2A0FB} = {7D359395-B8C5-4791-9350-58CF4B602665}
		{4D7A2007-657B-4A51-A7D3-506A348CE8BE} = {A9E3DEC4-62E8-4A1D-8682-9E7F85C2A0FB}
	EndGlobalSection
	GlobalSection(ExtensibilityGlobals) = postSolution
		SolutionGuid = {3C82C517-4FEC-4105-A814-7C1864B9FAAF}
	EndGlobalSection
EndGlobal
